// !$*UTF8*$!
{
	archiveVersion = 1;
	classes = {
	};
	objectVersion = 60;
	objects = {

/* Begin PBXBuildFile section */
		A10000000000000000000001 /* MarkdownEditorApp.swift in Sources */ = {isa = PBXBuildFile; fileRef = A20000000000000000000001 /* MarkdownEditorApp.swift */; };
		A10000000000000000000002 /* MarkdownDocument.swift in Sources */ = {isa = PBXBuildFile; fileRef = A20000000000000000000002 /* MarkdownDocument.swift */; };
		A10000000000000000000003 /* MarkdownEditorView.swift in Sources */ = {isa = PBXBuildFile; fileRef = A20000000000000000000003 /* MarkdownEditorView.swift */; };
		A10000000000000000000004 /* MarkdownFormatting.swift in Sources */ = {isa = PBXBuildFile; fileRef = A20000000000000000000007 /* MarkdownFormatting.swift */; };
		A10000000000000000000005 /* MarkdownSyntaxHighlighter.swift in Sources */ = {isa = PBXBuildFile; fileRef = A20000000000000000000008 /* MarkdownSyntaxHighlighter.swift */; };
		A10000000000000000000006 /* MarkdownTextEditor.swift in Sources */ = {isa = PBXBuildFile; fileRef = A20000000000000000000009 /* MarkdownTextEditor.swift */; };
		A10000000000000000000007 /* MarkdownParser.swift in Sources */ = {isa = PBXBuildFile; fileRef = A2000000000000000000000A /* MarkdownParser.swift */; };
		A10000000000000000000008 /* MarkdownPreview.swift in Sources */ = {isa = PBXBuildFile; fileRef = A2000000000000000000000B /* MarkdownPreview.swift */; };
		A10000000000000000000009 /* MarkdownOutlineView.swift in Sources */ = {isa = PBXBuildFile; fileRef = A2000000000000000000000C /* MarkdownOutlineView.swift */; };
		A1000000000000000000000A /* WikiLink.swift in Sources */ = {isa = PBXBuildFile; fileRef = A2000000000000000000000D /* WikiLink.swift */; };
		A1000000000000000000000B /* WorkspaceLinkIndex.swift in Sources */ = {isa = PBXBuildFile; fileRef = A2000000000000000000000E /* WorkspaceLinkIndex.swift */; };
		A1000000000000000000000C /* WikiLinkStore.swift in Sources */ = {isa = PBXBuildFile; fileRef = A2000000000000000000000F /* WikiLinkStore.swift */; };
/* End PBXBuildFile section */

/* Begin PBXFileReference section */
		A20000000000000000000001 /* MarkdownEditorApp.swift */ = {isa = PBXFileReference; lastKnownFileType = sourcecode.swift; path = MarkdownEditorApp.swift; sourceTree = "<group>"; };
		A20000000000000000000002 /* MarkdownDocument.swift */ = {isa = PBXFileReference; lastKnownFileType = sourcecode.swift; path = MarkdownDocument.swift; sourceTree = "<group>"; };
		A20000000000000000000003 /* MarkdownEditorView.swift */ = {isa = PBXFileReference; lastKnownFileType = sourcecode.swift; path = MarkdownEditorView.swift; sourceTree = "<group>"; };
		A20000000000000000000004 /* Info.plist */ = {isa = PBXFileReference; lastKnownFileType = text.plist.xml; path = Info.plist; sourceTree = "<group>"; };
		A20000000000000000000005 /* MarkdownEditor.app */ = {isa = PBXFileReference; explicitFileType = wrapper.application; includeInIndex = 0; path = MarkdownEditor.app; sourceTree = BUILT_PRODUCTS_DIR; };
		A20000000000000000000006 /* README.md */ = {isa = PBXFileReference; lastKnownFileType = net.daringfireball.markdown; path = README.md; sourceTree = "<group>"; };
		A20000000000000000000007 /* MarkdownFormatting.swift */ = {isa = PBXFileReference; lastKnownFileType = sourcecode.swift; path = MarkdownFormatting.swift; sourceTree = "<group>"; };
		A20000000000000000000008 /* MarkdownSyntaxHighlighter.swift */ = {isa = PBXFileReference; lastKnownFileType = sourcecode.swift; path = MarkdownSyntaxHighlighter.swift; sourceTree = "<group>"; };
		A20000000000000000000009 /* MarkdownTextEditor.swift */ = {isa = PBXFileReference; lastKnownFileType = sourcecode.swift; path = MarkdownTextEditor.swift; sourceTree = "<group>"; };
		A2000000000000000000000A /* MarkdownParser.swift */ = {isa = PBXFileReference; lastKnownFileType = sourcecode.swift; path = MarkdownParser.swift; sourceTree = "<group>"; };
		A2000000000000000000000B /* MarkdownPreview.swift */ = {isa = PBXFileReference; lastKnownFileType = sourcecode.swift; path = MarkdownPreview.swift; sourceTree = "<group>"; };
		A2000000000000000000000C /* MarkdownOutlineView.swift */ = {isa = PBXFileReference; lastKnownFileType = sourcecode.swift; path = MarkdownOutlineView.swift; sourceTree = "<group>"; };
		A2000000000000000000000D /* WikiLink.swift */ = {isa = PBXFileReference; lastKnownFileType = sourcecode.swift; path = WikiLink.swift; sourceTree = "<group>"; };
		A2000000000000000000000E /* WorkspaceLinkIndex.swift */ = {isa = PBXFileReference; lastKnownFileType = sourcecode.swift; path = WorkspaceLinkIndex.swift; sourceTree = "<group>"; };
		A2000000000000000000000F /* WikiLinkStore.swift */ = {isa = PBXFileReference; lastKnownFileType = sourcecode.swift; path = WikiLinkStore.swift; sourceTree = "<group>"; };
/* End PBXFileReference section */

/* Begin PBXFrameworksBuildPhase section */
		A30000000000000000000001 /* Frameworks */ = {
			isa = PBXFrameworksBuildPhase;
			buildActionMask = 2147483647;
			files = (
			);
			runOnlyForDeploymentPostprocessing = 0;
		};
/* End PBXFrameworksBuildPhase section */

/* Begin PBXGroup section */
		A40000000000000000000001 = {
			isa = PBXGroup;
			children = (
				A40000000000000000000003 /* Sources */,
				A40000000000000000000007 /* Config */,
				A20000000000000000000006 /* README.md */,
				A40000000000000000000002 /* Products */,
			);
			sourceTree = "<group>";
		};
		A40000000000000000000002 /* Products */ = {
			isa = PBXGroup;
			children = (
				A20000000000000000000005 /* MarkdownEditor.app */,
			);
			name = Products;
			sourceTree = "<group>";
		};
		A40000000000000000000003 /* Sources */ = {
			isa = PBXGroup;
			children = (
				A40000000000000000000004 /* App */,
				A40000000000000000000005 /* Document */,
				A40000000000000000000006 /* Editor */,
				A40000000000000000000009 /* Links */,
				A40000000000000000000008 /* Preview */,
			);
			path = Sources;
			sourceTree = "<group>";
		};
		A40000000000000000000004 /* App */ = {
			isa = PBXGroup;
			children = (
				A20000000000000000000001 /* MarkdownEditorApp.swift */,
			);
			path = App;
			sourceTree = "<group>";
		};
		A40000000000000000000005 /* Document */ = {
			isa = PBXGroup;
			children = (
				A20000000000000000000002 /* MarkdownDocument.swift */,
			);
			path = Document;
			sourceTree = "<group>";
		};
		A40000000000000000000006 /* Editor */ = {
			isa = PBXGroup;
			children = (
				A20000000000000000000007 /* MarkdownFormatting.swift */,
				A20000000000000000000003 /* MarkdownEditorView.swift */,
				A20000000000000000000008 /* MarkdownSyntaxHighlighter.swift */,
				A20000000000000000000009 /* MarkdownTextEditor.swift */,
			);
			path = Editor;
			sourceTree = "<group>";
		};
		A40000000000000000000007 /* Config */ = {
			isa = PBXGroup;
			children = (
				A20000000000000000000004 /* Info.plist */,
			);
			path = Config;
			sourceTree = "<group>";
		};
		A40000000000000000000008 /* Preview */ = {
			isa = PBXGroup;
			children = (
				A2000000000000000000000A /* MarkdownParser.swift */,
				A2000000000000000000000B /* MarkdownPreview.swift */,
				A2000000000000000000000C /* MarkdownOutlineView.swift */,
			);
			path = Preview;
			sourceTree = "<group>";
		};
		A40000000000000000000009 /* Links */ = {
			isa = PBXGroup;
			children = (
				A2000000000000000000000D /* WikiLink.swift */,
				A2000000000000000000000E /* WorkspaceLinkIndex.swift */,
				A2000000000000000000000F /* WikiLinkStore.swift */,
			);
			path = Links;
			sourceTree = "<group>";
		};
/* End PBXGroup section */

/* Begin PBXNativeTarget section */
		A50000000000000000000001 /* MarkdownEditor */ = {
			isa = PBXNativeTarget;
			buildConfigurationList = A90000000000000000000002 /* Build configuration list for PBXNativeTarget "MarkdownEditor" */;
			buildPhases = (
				A60000000000000000000001 /* Sources */,
				A30000000000000000000001 /* Frameworks */,
				A70000000000000000000001 /* Resources */,
			);
			buildRules = (
			);
			dependencies = (
			);
			name = MarkdownEditor;
			productName = MarkdownEditor;
			productReference = A20000000000000000000005 /* MarkdownEditor.app */;
			productType = "com.apple.product-type.application";
		};
/* End PBXNativeTarget section */

/* Begin PBXProject section */
		A80000000000000000000001 /* Project object */ = {
			isa = PBXProject;
			attributes = {
				BuildIndependentTargetsInParallel = 1;
				LastSwiftUpdateCheck = 1600;
				LastUpgradeCheck = 1600;
				TargetAttributes = {
					A50000000000000000000001 = {
						CreatedOnToolsVersion = 16.0;
					};
				};
			};
			buildConfigurationList = A90000000000000000000001 /* Build configuration list for PBXProject "MarkdownEditor" */;
			compatibilityVersion = "Xcode 15.0";
			developmentRegion = en;
			hasScannedForEncodings = 0;
			knownRegions = (
				en,
				Base,
			);
			mainGroup = A40000000000000000000001;
			productRefGroup = A40000000000000000000002 /* Products */;
			projectDirPath = "";
			projectRoot = "";
			targets = (
				A50000000000000000000001 /* MarkdownEditor */,
			);
		};
/* End PBXProject section */

/* Begin PBXResourcesBuildPhase section */
		A70000000000000000000001 /* Resources */ = {
			isa = PBXResourcesBuildPhase;
			buildActionMask = 2147483647;
			files = (
			);
			runOnlyForDeploymentPostprocessing = 0;
		};
/* End PBXResourcesBuildPhase section */

/* Begin PBXSourcesBuildPhase section */
		A60000000000000000000001 /* Sources */ = {
			isa = PBXSourcesBuildPhase;
			buildActionMask = 2147483647;
			files = (
				A10000000000000000000001 /* MarkdownEditorApp.swift in Sources */,
				A10000000000000000000002 /* MarkdownDocument.swift in Sources */,
				A10000000000000000000003 /* MarkdownEditorView.swift in Sources */,
				A10000000000000000000004 /* MarkdownFormatting.swift in Sources */,
				A10000000000000000000005 /* MarkdownSyntaxHighlighter.swift in Sources */,
				A10000000000000000000006 /* MarkdownTextEditor.swift in Sources */,
				A10000000000000000000007 /* MarkdownParser.swift in Sources */,
				A10000000000000000000008 /* MarkdownPreview.swift in Sources */,
				A10000000000000000000009 /* MarkdownOutlineView.swift in Sources */,
				A1000000000000000000000A /* WikiLink.swift in Sources */,
				A1000000000000000000000B /* WorkspaceLinkIndex.swift in Sources */,
				A1000000000000000000000C /* WikiLinkStore.swift in Sources */,
			);
			runOnlyForDeploymentPostprocessing = 0;
		};
/* End PBXSourcesBuildPhase section */

/* Begin XCBuildConfiguration section */
		B10000000000000000000001 /* Debug */ = {
			isa = XCBuildConfiguration;
			buildSettings = {
				ALWAYS_SEARCH_USER_PATHS = NO;
				CLANG_ENABLE_MODULES = YES;
				CLANG_ENABLE_OBJC_ARC = YES;
				CLANG_WARN_DOCUMENTATION_COMMENTS = YES;
				CLANG_WARN_QUOTED_INCLUDE_IN_FRAMEWORK_HEADER = YES;
				COPY_PHASE_STRIP = NO;
				DEBUG_INFORMATION_FORMAT = dwarf;
				ENABLE_TESTABILITY = YES;
				GCC_C_LANGUAGE_STANDARD = gnu17;
				GCC_OPTIMIZATION_LEVEL = 0;
				GCC_PREPROCESSOR_DEFINITIONS = (
					"DEBUG=1",
					"$(inherited)",
				);
				MTL_ENABLE_DEBUG_INFO = INCLUDE_SOURCE;
				ONLY_ACTIVE_ARCH = YES;
				SWIFT_ACTIVE_COMPILATION_CONDITIONS = "DEBUG $(inherited)";
				SWIFT_OPTIMIZATION_LEVEL = "-Onone";
			};
			name = Debug;
		};
		B10000000000000000000002 /* Release */ = {
			isa = XCBuildConfiguration;
			buildSettings = {
				ALWAYS_SEARCH_USER_PATHS = NO;
				CLANG_ENABLE_MODULES = YES;
				CLANG_ENABLE_OBJC_ARC = YES;
				CLANG_WARN_DOCUMENTATION_COMMENTS = YES;
				CLANG_WARN_QUOTED_INCLUDE_IN_FRAMEWORK_HEADER = YES;
				COPY_PHASE_STRIP = NO;
				DEBUG_INFORMATION_FORMAT = "dwarf-with-dsym";
				ENABLE_NS_ASSERTIONS = NO;
				GCC_C_LANGUAGE_STANDARD = gnu17;
				MTL_ENABLE_DEBUG_INFO = NO;
				SWIFT_COMPILATION_MODE = wholemodule;
		};
			name = Release;
		};
		B10000000000000000000003 /* Debug */ = {
			isa = XCBuildConfiguration;
			buildSettings = {
				CODE_SIGN_STYLE = Automatic;
				CURRENT_PROJECT_VERSION = 1;
				DEVELOPMENT_ASSET_PATHS = "";
				ENABLE_HARDENED_RUNTIME = YES;
				GENERATE_INFOPLIST_FILE = NO;
				INFOPLIST_FILE = Config/Info.plist;
				IPHONEOS_DEPLOYMENT_TARGET = 17.0;
				MACOSX_DEPLOYMENT_TARGET = 14.0;
				MARKETING_VERSION = 0.1.0;
				PRODUCT_BUNDLE_IDENTIFIER = com.local.MarkdownEditor;
				PRODUCT_NAME = "$(TARGET_NAME)";
				SUPPORTED_PLATFORMS = "iphoneos iphonesimulator macosx";
				SUPPORTS_MACCATALYST = NO;
				SWIFT_EMIT_LOC_STRINGS = YES;
				SWIFT_STRICT_CONCURRENCY = complete;
				SWIFT_VERSION = 6.0;
				TARGETED_DEVICE_FAMILY = "1,2";
			};
			name = Debug;
		};
		B10000000000000000000004 /* Release */ = {
			isa = XCBuildConfiguration;
			buildSettings = {
				CODE_SIGN_STYLE = Automatic;
				CURRENT_PROJECT_VERSION = 1;
				DEVELOPMENT_ASSET_PATHS = "";
				ENABLE_HARDENED_RUNTIME = YES;
				GENERATE_INFOPLIST_FILE = NO;
				INFOPLIST_FILE = Config/Info.plist;
				IPHONEOS_DEPLOYMENT_TARGET = 17.0;
				MACOSX_DEPLOYMENT_TARGET = 14.0;
				MARKETING_VERSION = 0.1.0;
				PRODUCT_BUNDLE_IDENTIFIER = com.local.MarkdownEditor;
				PRODUCT_NAME = "$(TARGET_NAME)";
				SUPPORTED_PLATFORMS = "iphoneos iphonesimulator macosx";
				SUPPORTS_MACCATALYST = NO;
				SWIFT_EMIT_LOC_STRINGS = YES;
				SWIFT_STRICT_CONCURRENCY = complete;
				SWIFT_VERSION = 6.0;
				TARGETED_DEVICE_FAMILY = "1,2";
			};
			name = Release;
		};
/* End XCBuildConfiguration section */

/* Begin XCConfigurationList section */
		A90000000000000000000001 /* Build configuration list for PBXProject "MarkdownEditor" */ = {
			isa = XCConfigurationList;
			buildConfigurations = (
				B10000000000000000000001 /* Debug */,
				B10000000000000000000002 /* Release */,
			);
			defaultConfigurationIsVisible = 0;
			defaultConfigurationName = Release;
		};
		A90000000000000000000002 /* Build configuration list for PBXNativeTarget "MarkdownEditor" */ = {
			isa = XCConfigurationList;
			buildConfigurations = (
				B10000000000000000000003 /* Debug */,
				B10000000000000000000004 /* Release */,
			);
			defaultConfigurationIsVisible = 0;
			defaultConfigurationName = Release;
		};
/* End XCConfigurationList section */
	};
	rootObject = A80000000000000000000001 /* Project object */;
}
